
Microsoft Visual Studio Solution File, Format Version 12.00
# Visual Studio 15
VisualStudioVersion = 15.0.28307.902
MinimumVisualStudioVersion = 10.0.40219.1
Project("{9A19103F-16F7-4668-BE54-9A1E7A4F7556}") = "SignInClaimsAPI", "SignInClaimsAPI\SignInClaimsAPI.csproj", "{95E1E342-C52E-47BB-AFE1-EFA149E977D7}"
EndProject
Project("{FAE04EC0-301F-11D3-BF4B-00C04F79EFBC}") = "LuminateTestHarness", "LuminateTestHarness\LuminateTestHarness.csproj", "{CDA866FE-403E-4D28-9B83-E6C368BDD793}"
EndProject
Global
	GlobalSection(SolutionConfigurationPlatforms) = preSolution
		Debug|Any CPU = Debug|Any CPU
		Release|Any CPU = Release|Any CPU
	EndGlobalSection
	GlobalSection(ProjectConfigurationPlatforms) = postSolution
		{95E1E342-C52E-47BB-AFE1-EFA149E977D7}.Debug|Any CPU.ActiveCfg = Debug|Any CPU
		{95E1E342-C52E-47BB-AFE1-EFA149E977D7}.Debug|Any CPU.Build.0 = Debug|Any CPU
		{95E1E342-C52E-47BB-AFE1-EFA149E977D7}.Release|Any CPU.ActiveCfg = Release|Any CPU
		{95E1E342-C52E-47BB-AFE1-EFA149E977D7}.Release|Any CPU.Build.0 = Release|Any CPU
		{CDA866FE-403E-4D28-9B83-E6C368BDD793}.Debug|Any CPU.ActiveCfg = Debug|Any CPU
		{CDA866FE-403E-4D28-9B83-E6C368BDD793}.Debug|Any CPU.Build.0 = Debug|Any CPU
		{CDA866FE-403E-4D28-9B83-E6C368BDD793}.Release|Any CPU.ActiveCfg = Release|Any CPU
		{CDA866FE-403E-4D28-9B83-E6C368BDD793}.Release|Any CPU.Build.0 = Release|Any CPU
	EndGlobalSection
	GlobalSection(SolutionProperties) = preSolution
		HideSolutionNode = FALSE
	EndGlobalSection
	GlobalSection(ExtensibilityGlobals) = postSolution
		SolutionGuid = {C23202FA-258F-41C4-A319-16C6A86F5B5F}
	EndGlobalSection
EndGlobal
