
Microsoft Visual Studio Solution File, Format Version 12.00
# Visual Studio 15
VisualStudioVersion = 15.0.28307.1145
MinimumVisualStudioVersion = 10.0.40219.1
Project("{9A19103F-16F7-4668-BE54-9A1E7A4F7556}") = "AADB2C.API", "AADB2C.API\AADB2C.API.csproj", "{0629ACB6-486E-40EA-9015-8FC60AB9101C}"
EndProject
Project("{9A19103F-16F7-4668-BE54-9A1E7A4F7556}") = "AADB2C.Web", "AADB2C.Web\AADB2C.Web.csproj", "{F41C198B-10F8-4984-8C2E-DE748B0153D3}"
EndProject
Global
	GlobalSection(SolutionConfigurationPlatforms) = preSolution
		Debug|Any CPU = Debug|Any CPU
		Release|Any CPU = Release|Any CPU
	EndGlobalSection
	GlobalSection(ProjectConfigurationPlatforms) = postSolution
		{0629ACB6-486E-40EA-9015-8FC60AB9101C}.Debug|Any CPU.ActiveCfg = Debug|Any CPU
		{0629ACB6-486E-40EA-9015-8FC60AB9101C}.Debug|Any CPU.Build.0 = Debug|Any CPU
		{0629ACB6-486E-40EA-9015-8FC60AB9101C}.Release|Any CPU.ActiveCfg = Release|Any CPU
		{0629ACB6-486E-40EA-9015-8FC60AB9101C}.Release|Any CPU.Build.0 = Release|Any CPU
		{F41C198B-10F8-4984-8C2E-DE748B0153D3}.Debug|Any CPU.ActiveCfg = Debug|Any CPU
		{F41C198B-10F8-4984-8C2E-DE748B0153D3}.Debug|Any CPU.Build.0 = Debug|Any CPU
		{F41C198B-10F8-4984-8C2E-DE748B0153D3}.Release|Any CPU.ActiveCfg = Release|Any CPU
		{F41C198B-10F8-4984-8C2E-DE748B0153D3}.Release|Any CPU.Build.0 = Release|Any CPU
	EndGlobalSection
	GlobalSection(SolutionProperties) = preSolution
		HideSolutionNode = FALSE
	EndGlobalSection
	GlobalSection(ExtensibilityGlobals) = postSolution
		SolutionGuid = {0E20EB74-E971-4C88-AA12-A7D8AD4FE835}
	EndGlobalSection
EndGlobal
